
Microsoft Visual Studio Solution File, Format Version 12.00
# Visual Studio Version 17
VisualStudioVersion = 17.7.34003.232
MinimumVisualStudioVersion = 10.0.40219.1
Project("{9A19103F-16F7-4668-BE54-9A1E7A4F7556}") = "YamlCRUD", "YamlCRUD\YamlCRUD.csproj", "{18C448BC-B436-4383-A37D-703C4FB039C3}"
EndProject
Project("{FAE04EC0-301F-11D3-BF4B-00C04F79EFBC}") = "WebApplication1", "WebApplication1\WebApplication1.csproj", "{8ED63181-63A2-4402-AC9A-5E99E7088AA6}"
EndProject
Global
	GlobalSection(SolutionConfigurationPlatforms) = preSolution
		Debug|Any CPU = Debug|Any CPU
		Release|Any CPU = Release|Any CPU
	EndGlobalSection
	GlobalSection(ProjectConfigurationPlatforms) = postSolution
		{18C448BC-B436-4383-A37D-703C4FB039C3}.Debug|Any CPU.ActiveCfg = Debug|Any CPU
		{18C448BC-B436-4383-A37D-703C4FB039C3}.Debug|Any CPU.Build.0 = Debug|Any CPU
		{18C448BC-B436-4383-A37D-703C4FB039C3}.Release|Any CPU.ActiveCfg = Release|Any CPU
		{18C448BC-B436-4383-A37D-703C4FB039C3}.Release|Any CPU.Build.0 = Release|Any CPU
		{8ED63181-63A2-4402-AC9A-5E99E7088AA6}.Debug|Any CPU.ActiveCfg = Debug|Any CPU
		{8ED63181-63A2-4402-AC9A-5E99E7088AA6}.Debug|Any CPU.Build.0 = Debug|Any CPU
		{8ED63181-63A2-4402-AC9A-5E99E7088AA6}.Release|Any CPU.ActiveCfg = Release|Any CPU
		{8ED63181-63A2-4402-AC9A-5E99E7088AA6}.Release|Any CPU.Build.0 = Release|Any CPU
	EndGlobalSection
	GlobalSection(SolutionProperties) = preSolution
		HideSolutionNode = FALSE
	EndGlobalSection
	GlobalSection(ExtensibilityGlobals) = postSolution
		SolutionGuid = {A5355C08-DF67-4555-AE0D-10577FBC53EF}
	EndGlobalSection
EndGlobal
